
Microsoft Visual Studio Solution File, Format Version 12.00
# Visual Studio Version 16
VisualStudioVersion = 16.0.31515.178
MinimumVisualStudioVersion = 10.0.40219.1
Project("{9A19103F-16F7-4668-BE54-9A1E7A4F7556}") = "CloudService.Web", "CloudService.Web\CloudService.Web.csproj", "{45E04B45-224D-495E-8A6E-F13744E4FE7A}"
EndProject
Project("{FAE04EC0-301F-11D3-BF4B-00C04F79EFBC}") = "CloudService.DAL", "CloudService.DAL\CloudService.DAL.csproj", "{E334E903-C302-4CAD-AA05-0B3951FBA0AF}"
EndProject
Project("{FAE04EC0-301F-11D3-BF4B-00C04F79EFBC}") = "CloudService.Entities", "CloudService.Entities\CloudService.Entities.csproj", "{1FD3FA0E-B4E8-4AD2-BBCD-785F196C6D72}"
EndProject
Project("{FAE04EC0-301F-11D3-BF4B-00C04F79EFBC}") = "CloudService.Configurations", "CloudService.Configurations\CloudService.Configurations.csproj", "{81C3BFFB-3D1C-408F-9F48-8DC2A14B8565}"
EndProject
Global
	GlobalSection(SolutionConfigurationPlatforms) = preSolution
		Debug|Any CPU = Debug|Any CPU
		Release|Any CPU = Release|Any CPU
	EndGlobalSection
	GlobalSection(ProjectConfigurationPlatforms) = postSolution
		{45E04B45-224D-495E-8A6E-F13744E4FE7A}.Debug|Any CPU.ActiveCfg = Debug|Any CPU
		{45E04B45-224D-495E-8A6E-F13744E4FE7A}.Debug|Any CPU.Build.0 = Debug|Any CPU
		{45E04B45-224D-495E-8A6E-F13744E4FE7A}.Release|Any CPU.ActiveCfg = Release|Any CPU
		{45E04B45-224D-495E-8A6E-F13744E4FE7A}.Release|Any CPU.Build.0 = Release|Any CPU
		{E334E903-C302-4CAD-AA05-0B3951FBA0AF}.Debug|Any CPU.ActiveCfg = Debug|Any CPU
		{E334E903-C302-4CAD-AA05-0B3951FBA0AF}.Debug|Any CPU.Build.0 = Debug|Any CPU
		{E334E903-C302-4CAD-AA05-0B3951FBA0AF}.Release|Any CPU.ActiveCfg = Release|Any CPU
		{E334E903-C302-4CAD-AA05-0B3951FBA0AF}.Release|Any CPU.Build.0 = Release|Any CPU
		{1FD3FA0E-B4E8-4AD2-BBCD-785F196C6D72}.Debug|Any CPU.ActiveCfg = Debug|Any CPU
		{1FD3FA0E-B4E8-4AD2-BBCD-785F196C6D72}.Debug|Any CPU.Build.0 = Debug|Any CPU
		{1FD3FA0E-B4E8-4AD2-BBCD-785F196C6D72}.Release|Any CPU.ActiveCfg = Release|Any CPU
		{1FD3FA0E-B4E8-4AD2-BBCD-785F196C6D72}.Release|Any CPU.Build.0 = Release|Any CPU
		{81C3BFFB-3D1C-408F-9F48-8DC2A14B8565}.Debug|Any CPU.ActiveCfg = Debug|Any CPU
		{81C3BFFB-3D1C-408F-9F48-8DC2A14B8565}.Debug|Any CPU.Build.0 = Debug|Any CPU
		{81C3BFFB-3D1C-408F-9F48-8DC2A14B8565}.Release|Any CPU.ActiveCfg = Release|Any CPU
		{81C3BFFB-3D1C-408F-9F48-8DC2A14B8565}.Release|Any CPU.Build.0 = Release|Any CPU
	EndGlobalSection
	GlobalSection(SolutionProperties) = preSolution
		HideSolutionNode = FALSE
	EndGlobalSection
	GlobalSection(ExtensibilityGlobals) = postSolution
		SolutionGuid = {7E50684B-30ED-41D6-874A-8B36DB6998AA}
	EndGlobalSection
EndGlobal
